// !$*UTF8*$!
{
	archiveVersion = 1;
	classes = {
	};
	objectVersion = 50;
	objects = {

/* Begin PBXBuildFile section */
		6AC710D129DADD88ED4B4E25 /* ChartClient.swift in Sources */ = {isa = PBXBuildFile; fileRef = 6AC71E1470CB6775F9CA41BA /* ChartClient.swift */; };
		6AC713A923BFECA23488860A /* CrosshairView.swift in Sources */ = {isa = PBXBuildFile; fileRef = 6AC715096E2D394D012B9201 /* CrosshairView.swift */; };
		6AC713C9F6AFFE68F4AA6B0D /* ScreenHelper.swift in Sources */ = {isa = PBXBuildFile; fileRef = 6AC713A024D7DADDC16C0CA3 /* ScreenHelper.swift */; };
		6AC714191C0737A814D1A877 /* ChartTimeSelectorView.swift in Sources */ = {isa = PBXBuildFile; fileRef = 6AC71FCB29C5626EA888BBDE /* ChartTimeSelectorView.swift */; };
		6AC7145D7B7D27C40DBDE2F2 /* ChartTextFormatter.swift in Sources */ = {isa = PBXBuildFile; fileRef = 6AC711BE80856EF5178E381E /* ChartTextFormatter.swift */; };
		6AC7150428B2635F24CD07F3 /* ValueAxisPanel.swift in Sources */ = {isa = PBXBuildFile; fileRef = 6AC7172228330B7244FC78BC /* ValueAxisPanel.swift */; };
		6AC7166DAA209E433B4D861C /* ChartViewContainer.swift in Sources */ = {isa = PBXBuildFile; fileRef = 6AC71ABE093B2186770EDD25 /* ChartViewContainer.swift */; };
		6AC71680C695B78D82912F8E /* Chart.swift in Sources */ = {isa = PBXBuildFile; fileRef = 6AC715D6F57BFF6CEAC49574 /* Chart.swift */; };
		6AC717180E31FF41DA067C70 /* ChartJsonParser.swift in Sources */ = {isa = PBXBuildFile; fileRef = 6AC71E59D6E64D1805DD1E06 /* ChartJsonParser.swift */; };
		6AC718326B8482D951EA9DF1 /* NightModeTableViewCell.swift in Sources */ = {isa = PBXBuildFile; fileRef = 6AC71020B6020F41F629A9A2 /* NightModeTableViewCell.swift */; };
		6AC7197FE8F0D2A196ECA129 /* ChartTableViewCell.swift in Sources */ = {isa = PBXBuildFile; fileRef = 6AC71F60026D701CF45660A7 /* ChartTableViewCell.swift */; };
		6AC71AA559A9EC62FB5ED1B0 /* ChartView.swift in Sources */ = {isa = PBXBuildFile; fileRef = 6AC7182470DC4721FF0E7432 /* ChartView.swift */; };
		6AC71BACBB3F6D48EC7797A3 /* MiniChartTimeSelectorView.swift in Sources */ = {isa = PBXBuildFile; fileRef = 6AC7182DFA440C98E17796F3 /* MiniChartTimeSelectorView.swift */; };
		6AC71BE65323747013FCC0F1 /* TimeAxisPanel.swift in Sources */ = {isa = PBXBuildFile; fileRef = 6AC71D6D5371B4AE6E8D75AF /* TimeAxisPanel.swift */; };
		6AC71C53EE28C489CF163604 /* ChartViewProtocol.swift in Sources */ = {isa = PBXBuildFile; fileRef = 6AC712854E421161A8F67D8C /* ChartViewProtocol.swift */; };
		6AC71C6A237C12C965FAD3DA /* CrosshairPanel.swift in Sources */ = {isa = PBXBuildFile; fileRef = 6AC7120BA3BC285553BA4F18 /* CrosshairPanel.swift */; };
		6AC71CF045E8F005A1810E71 /* MiniChartView.swift in Sources */ = {isa = PBXBuildFile; fileRef = 6AC719E00E6C9086C284B48B /* MiniChartView.swift */; };
		6AC71EBD7BF2879ECC8DB908 /* ChartPanel.swift in Sources */ = {isa = PBXBuildFile; fileRef = 6AC71F1C11EF230B241273B2 /* ChartPanel.swift */; };
		6AC71ECAE35E6F18EE7D5411 /* ChartDrawingData.swift in Sources */ = {isa = PBXBuildFile; fileRef = 6AC712480BA5369ECEAD436E /* ChartDrawingData.swift */; };
		DDC16F4322358CCA0060596D /* sample_data.json in Resources */ = {isa = PBXBuildFile; fileRef = DDC16F4222358CCA0060596D /* sample_data.json */; };
		DDC16F4722358D670060596D /* ChartTO.swift in Sources */ = {isa = PBXBuildFile; fileRef = DDC16F4622358D670060596D /* ChartTO.swift */; };
		DDC16F492236EC4B0060596D /* ChartListScreen.swift in Sources */ = {isa = PBXBuildFile; fileRef = DDC16F482236EC4B0060596D /* ChartListScreen.swift */; };
		DDC16F4D223700BE0060596D /* Skin.swift in Sources */ = {isa = PBXBuildFile; fileRef = DDC16F4C223700BE0060596D /* Skin.swift */; };
		DDC16F4F2237070E0060596D /* Images.swift in Sources */ = {isa = PBXBuildFile; fileRef = DDC16F4E2237070E0060596D /* Images.swift */; };
		DDC16F80224411FE0060596D /* ChartTests.swift in Sources */ = {isa = PBXBuildFile; fileRef = DDC16F7F224411FE0060596D /* ChartTests.swift */; };
		DDFF54DF22358A79005EB0D9 /* AppDelegate.swift in Sources */ = {isa = PBXBuildFile; fileRef = DDFF54DE22358A79005EB0D9 /* AppDelegate.swift */; };
		DDFF54E122358A79005EB0D9 /* ViewController.swift in Sources */ = {isa = PBXBuildFile; fileRef = DDFF54E022358A79005EB0D9 /* ViewController.swift */; };
		DDFF54E422358A79005EB0D9 /* Main.storyboard in Resources */ = {isa = PBXBuildFile; fileRef = DDFF54E222358A79005EB0D9 /* Main.storyboard */; };
		DDFF54E622358A7A005EB0D9 /* Assets.xcassets in Resources */ = {isa = PBXBuildFile; fileRef = DDFF54E522358A7A005EB0D9 /* Assets.xcassets */; };
		DDFF54E922358A7A005EB0D9 /* LaunchScreen.storyboard in Resources */ = {isa = PBXBuildFile; fileRef = DDFF54E722358A7A005EB0D9 /* LaunchScreen.storyboard */; };
/* End PBXBuildFile section */

/* Begin PBXContainerItemProxy section */
		DDC16F82224411FE0060596D /* PBXContainerItemProxy */ = {
			isa = PBXContainerItemProxy;
			containerPortal = DDFF54D322358A79005EB0D9 /* Project object */;
			proxyType = 1;
			remoteGlobalIDString = DDFF54DA22358A79005EB0D9;
			remoteInfo = "Telegram Chart";
		};
/* End PBXContainerItemProxy section */

/* Begin PBXFileReference section */
		6AC71020B6020F41F629A9A2 /* NightModeTableViewCell.swift */ = {isa = PBXFileReference; fileEncoding = 4; lastKnownFileType = sourcecode.swift; path = NightModeTableViewCell.swift; sourceTree = "<group>"; };
		6AC711BE80856EF5178E381E /* ChartTextFormatter.swift */ = {isa = PBXFileReference; fileEncoding = 4; lastKnownFileType = sourcecode.swift; path = ChartTextFormatter.swift; sourceTree = "<group>"; };
		6AC7120BA3BC285553BA4F18 /* CrosshairPanel.swift */ = {isa = PBXFileReference; fileEncoding = 4; lastKnownFileType = sourcecode.swift; path = CrosshairPanel.swift; sourceTree = "<group>"; };
		6AC712480BA5369ECEAD436E /* ChartDrawingData.swift */ = {isa = PBXFileReference; fileEncoding = 4; lastKnownFileType = sourcecode.swift; path = ChartDrawingData.swift; sourceTree = "<group>"; };
		6AC712854E421161A8F67D8C /* ChartViewProtocol.swift */ = {isa = PBXFileReference; fileEncoding = 4; lastKnownFileType = sourcecode.swift; path = ChartViewProtocol.swift; sourceTree = "<group>"; };
		6AC713A024D7DADDC16C0CA3 /* ScreenHelper.swift */ = {isa = PBXFileReference; fileEncoding = 4; lastKnownFileType = sourcecode.swift; path = ScreenHelper.swift; sourceTree = "<group>"; };
		6AC715096E2D394D012B9201 /* CrosshairView.swift */ = {isa = PBXFileReference; fileEncoding = 4; lastKnownFileType = sourcecode.swift; path = CrosshairView.swift; sourceTree = "<group>"; };
		6AC715D6F57BFF6CEAC49574 /* Chart.swift */ = {isa = PBXFileReference; fileEncoding = 4; lastKnownFileType = sourcecode.swift; path = Chart.swift; sourceTree = "<group>"; };
		6AC7172228330B7244FC78BC /* ValueAxisPanel.swift */ = {isa = PBXFileReference; fileEncoding = 4; lastKnownFileType = sourcecode.swift; path = ValueAxisPanel.swift; sourceTree = "<group>"; };
		6AC7182470DC4721FF0E7432 /* ChartView.swift */ = {isa = PBXFileReference; fileEncoding = 4; lastKnownFileType = sourcecode.swift; path = ChartView.swift; sourceTree = "<group>"; };
		6AC7182DFA440C98E17796F3 /* MiniChartTimeSelectorView.swift */ = {isa = PBXFileReference; fileEncoding = 4; lastKnownFileType = sourcecode.swift; path = MiniChartTimeSelectorView.swift; sourceTree = "<group>"; };
		6AC719E00E6C9086C284B48B /* MiniChartView.swift */ = {isa = PBXFileReference; fileEncoding = 4; lastKnownFileType = sourcecode.swift; path = MiniChartView.swift; sourceTree = "<group>"; };
		6AC71ABE093B2186770EDD25 /* ChartViewContainer.swift */ = {isa = PBXFileReference; fileEncoding = 4; lastKnownFileType = sourcecode.swift; path = ChartViewContainer.swift; sourceTree = "<group>"; };
		6AC71D6D5371B4AE6E8D75AF /* TimeAxisPanel.swift */ = {isa = PBXFileReference; fileEncoding = 4; lastKnownFileType = sourcecode.swift; path = TimeAxisPanel.swift; sourceTree = "<group>"; };
		6AC71E1470CB6775F9CA41BA /* ChartClient.swift */ = {isa = PBXFileReference; fileEncoding = 4; lastKnownFileType = sourcecode.swift; path = ChartClient.swift; sourceTree = "<group>"; };
		6AC71E59D6E64D1805DD1E06 /* ChartJsonParser.swift */ = {isa = PBXFileReference; fileEncoding = 4; lastKnownFileType = sourcecode.swift; path = ChartJsonParser.swift; sourceTree = "<group>"; };
		6AC71F1C11EF230B241273B2 /* ChartPanel.swift */ = {isa = PBXFileReference; fileEncoding = 4; lastKnownFileType = sourcecode.swift; path = ChartPanel.swift; sourceTree = "<group>"; };
		6AC71F60026D701CF45660A7 /* ChartTableViewCell.swift */ = {isa = PBXFileReference; fileEncoding = 4; lastKnownFileType = sourcecode.swift; path = ChartTableViewCell.swift; sourceTree = "<group>"; };
		6AC71FCB29C5626EA888BBDE /* ChartTimeSelectorView.swift */ = {isa = PBXFileReference; fileEncoding = 4; lastKnownFileType = sourcecode.swift; path = ChartTimeSelectorView.swift; sourceTree = "<group>"; };
		DDC16F4222358CCA0060596D /* sample_data.json */ = {isa = PBXFileReference; fileEncoding = 4; lastKnownFileType = text.json; path = sample_data.json; sourceTree = "<group>"; };
		DDC16F4622358D670060596D /* ChartTO.swift */ = {isa = PBXFileReference; lastKnownFileType = sourcecode.swift; path = ChartTO.swift; sourceTree = "<group>"; };
		DDC16F482236EC4B0060596D /* ChartListScreen.swift */ = {isa = PBXFileReference; lastKnownFileType = sourcecode.swift; path = ChartListScreen.swift; sourceTree = "<group>"; };
		DDC16F4C223700BE0060596D /* Skin.swift */ = {isa = PBXFileReference; lastKnownFileType = sourcecode.swift; path = Skin.swift; sourceTree = "<group>"; };
		DDC16F4E2237070E0060596D /* Images.swift */ = {isa = PBXFileReference; lastKnownFileType = sourcecode.swift; path = Images.swift; sourceTree = "<group>"; };
		DDC16F7D224411FE0060596D /* ChartTests.xctest */ = {isa = PBXFileReference; explicitFileType = wrapper.cfbundle; includeInIndex = 0; path = ChartTests.xctest; sourceTree = BUILT_PRODUCTS_DIR; };
		DDC16F7F224411FE0060596D /* ChartTests.swift */ = {isa = PBXFileReference; lastKnownFileType = sourcecode.swift; path = ChartTests.swift; sourceTree = "<group>"; };
		DDC16F81224411FE0060596D /* Info.plist */ = {isa = PBXFileReference; lastKnownFileType = text.plist.xml; path = Info.plist; sourceTree = "<group>"; };
		DDFF54DB22358A79005EB0D9 /* Telegram Chart.app */ = {isa = PBXFileReference; explicitFileType = wrapper.application; includeInIndex = 0; path = "Telegram Chart.app"; sourceTree = BUILT_PRODUCTS_DIR; };
		DDFF54DE22358A79005EB0D9 /* AppDelegate.swift */ = {isa = PBXFileReference; lastKnownFileType = sourcecode.swift; path = AppDelegate.swift; sourceTree = "<group>"; };
		DDFF54E022358A79005EB0D9 /* ViewController.swift */ = {isa = PBXFileReference; lastKnownFileType = sourcecode.swift; path = ViewController.swift; sourceTree = "<group>"; };
		DDFF54E322358A79005EB0D9 /* Base */ = {isa = PBXFileReference; lastKnownFileType = file.storyboard; name = Base; path = Base.lproj/Main.storyboard; sourceTree = "<group>"; };
		DDFF54E522358A7A005EB0D9 /* Assets.xcassets */ = {isa = PBXFileReference; lastKnownFileType = folder.assetcatalog; path = Assets.xcassets; sourceTree = "<group>"; };
		DDFF54E822358A7A005EB0D9 /* Base */ = {isa = PBXFileReference; lastKnownFileType = file.storyboard; name = Base; path = Base.lproj/LaunchScreen.storyboard; sourceTree = "<group>"; };
		DDFF54EA22358A7A005EB0D9 /* Info.plist */ = {isa = PBXFileReference; lastKnownFileType = text.plist.xml; path = Info.plist; sourceTree = "<group>"; };
/* End PBXFileReference section */

/* Begin PBXFrameworksBuildPhase section */
		DDC16F7A224411FE0060596D /* Frameworks */ = {
			isa = PBXFrameworksBuildPhase;
			buildActionMask = 2147483647;
			files = (
			);
			runOnlyForDeploymentPostprocessing = 0;
		};
		DDFF54D822358A79005EB0D9 /* Frameworks */ = {
			isa = PBXFrameworksBuildPhase;
			buildActionMask = 2147483647;
			files = (
			);
			runOnlyForDeploymentPostprocessing = 0;
		};
/* End PBXFrameworksBuildPhase section */

/* Begin PBXGroup section */
		6AC71165AA6DF5B5C6BB46A9 /* ChartViews */ = {
			isa = PBXGroup;
			children = (
				6AC719E00E6C9086C284B48B /* MiniChartView.swift */,
				6AC7182470DC4721FF0E7432 /* ChartView.swift */,
				6AC7182DFA440C98E17796F3 /* MiniChartTimeSelectorView.swift */,
				6AC71FCB29C5626EA888BBDE /* ChartTimeSelectorView.swift */,
				6AC715096E2D394D012B9201 /* CrosshairView.swift */,
				6AC712854E421161A8F67D8C /* ChartViewProtocol.swift */,
			);
			path = ChartViews;
			sourceTree = "<group>";
		};
		6AC71525678B4F2210082BE9 /* Domain */ = {
			isa = PBXGroup;
			children = (
				6AC715D6F57BFF6CEAC49574 /* Chart.swift */,
			);
			path = Domain;
			sourceTree = "<group>";
		};
		6AC7160454ABC05F71630F04 /* Cells */ = {
			isa = PBXGroup;
			children = (
				6AC71020B6020F41F629A9A2 /* NightModeTableViewCell.swift */,
				6AC71F60026D701CF45660A7 /* ChartTableViewCell.swift */,
				6AC71ABE093B2186770EDD25 /* ChartViewContainer.swift */,
			);
			path = Cells;
			sourceTree = "<group>";
		};
		6AC7163371B1B361DA9AB5EF /* ChartDrawing */ = {
			isa = PBXGroup;
			children = (
				6AC71F1C11EF230B241273B2 /* ChartPanel.swift */,
				6AC71D6D5371B4AE6E8D75AF /* TimeAxisPanel.swift */,
				6AC7172228330B7244FC78BC /* ValueAxisPanel.swift */,
				6AC7120BA3BC285553BA4F18 /* CrosshairPanel.swift */,
				6AC712480BA5369ECEAD436E /* ChartDrawingData.swift */,
				6AC713A024D7DADDC16C0CA3 /* ScreenHelper.swift */,
				6AC711BE80856EF5178E381E /* ChartTextFormatter.swift */,
			);
			path = ChartDrawing;
			sourceTree = "<group>";
		};
		6AC71A142182A9B4EEE2E8BE /* Client */ = {
			isa = PBXGroup;
			children = (
				6AC71E59D6E64D1805DD1E06 /* ChartJsonParser.swift */,
				6AC71E1470CB6775F9CA41BA /* ChartClient.swift */,
			);
			path = Client;
			sourceTree = "<group>";
		};
		DDC16F3D22358C420060596D /* Resources */ = {
			isa = PBXGroup;
			children = (
				DDC16F4222358CCA0060596D /* sample_data.json */,
				DDFF54E222358A79005EB0D9 /* Main.storyboard */,
				DDFF54E522358A7A005EB0D9 /* Assets.xcassets */,
				DDFF54E722358A7A005EB0D9 /* LaunchScreen.storyboard */,
			);
			path = Resources;
			sourceTree = "<group>";
		};
		DDC16F3E22358C490060596D /* Sources */ = {
			isa = PBXGroup;
			children = (
				DDC16F4522358D2C0060596D /* DTO */,
				DDC16F4422358D210060596D /* UI */,
				6AC71525678B4F2210082BE9 /* Domain */,
				6AC71A142182A9B4EEE2E8BE /* Client */,
			);
			path = Sources;
			sourceTree = "<group>";
		};
		DDC16F4422358D210060596D /* UI */ = {
			isa = PBXGroup;
			children = (
				DDFF54DE22358A79005EB0D9 /* AppDelegate.swift */,
				DDFF54E022358A79005EB0D9 /* ViewController.swift */,
				DDC16F482236EC4B0060596D /* ChartListScreen.swift */,
				DDC16F4C223700BE0060596D /* Skin.swift */,
				DDC16F4E2237070E0060596D /* Images.swift */,
				6AC7163371B1B361DA9AB5EF /* ChartDrawing */,
				6AC71165AA6DF5B5C6BB46A9 /* ChartViews */,
				6AC7160454ABC05F71630F04 /* Cells */,
			);
			path = UI;
			sourceTree = "<group>";
		};
		DDC16F4522358D2C0060596D /* DTO */ = {
			isa = PBXGroup;
			children = (
				DDC16F4622358D670060596D /* ChartTO.swift */,
			);
			path = DTO;
			sourceTree = "<group>";
		};
		DDC16F7E224411FE0060596D /* ChartTests */ = {
			isa = PBXGroup;
			children = (
				DDC16F7F224411FE0060596D /* ChartTests.swift */,
				DDC16F81224411FE0060596D /* Info.plist */,
			);
			path = ChartTests;
			sourceTree = "<group>";
		};
		DDFF54D222358A79005EB0D9 = {
			isa = PBXGroup;
			children = (
				DDFF54DD22358A79005EB0D9 /* Telegram Chart */,
				DDC16F7E224411FE0060596D /* ChartTests */,
				DDFF54DC22358A79005EB0D9 /* Products */,
			);
			sourceTree = "<group>";
		};
		DDFF54DC22358A79005EB0D9 /* Products */ = {
			isa = PBXGroup;
			children = (
				DDFF54DB22358A79005EB0D9 /* Telegram Chart.app */,
				DDC16F7D224411FE0060596D /* ChartTests.xctest */,
			);
			name = Products;
			sourceTree = "<group>";
		};
		DDFF54DD22358A79005EB0D9 /* Telegram Chart */ = {
			isa = PBXGroup;
			children = (
				DDC16F3E22358C490060596D /* Sources */,
				DDC16F3D22358C420060596D /* Resources */,
				DDFF54EA22358A7A005EB0D9 /* Info.plist */,
			);
			path = "Telegram Chart";
			sourceTree = "<group>";
		};
/* End PBXGroup section */

/* Begin PBXNativeTarget section */
		DDC16F7C224411FE0060596D /* ChartTests */ = {
			isa = PBXNativeTarget;
			buildConfigurationList = DDC16F84224411FE0060596D /* Build configuration list for PBXNativeTarget "ChartTests" */;
			buildPhases = (
				DDC16F79224411FE0060596D /* Sources */,
				DDC16F7A224411FE0060596D /* Frameworks */,
				DDC16F7B224411FE0060596D /* Resources */,
			);
			buildRules = (
			);
			dependencies = (
				DDC16F83224411FE0060596D /* PBXTargetDependency */,
			);
			name = ChartTests;
			productName = ChartTests;
			productReference = DDC16F7D224411FE0060596D /* ChartTests.xctest */;
			productType = "com.apple.product-type.bundle.unit-test";
		};
		DDFF54DA22358A79005EB0D9 /* Telegram Chart */ = {
			isa = PBXNativeTarget;
			buildConfigurationList = DDFF54ED22358A7A005EB0D9 /* Build configuration list for PBXNativeTarget "Telegram Chart" */;
			buildPhases = (
				DDFF54D722358A79005EB0D9 /* Sources */,
				DDFF54D822358A79005EB0D9 /* Frameworks */,
				DDFF54D922358A79005EB0D9 /* Resources */,
			);
			buildRules = (
			);
			dependencies = (
			);
			name = "Telegram Chart";
			productName = "Telegram Chart";
			productReference = DDFF54DB22358A79005EB0D9 /* Telegram Chart.app */;
			productType = "com.apple.product-type.application";
		};
/* End PBXNativeTarget section */

/* Begin PBXProject section */
		DDFF54D322358A79005EB0D9 /* Project object */ = {
			isa = PBXProject;
			attributes = {
				LastSwiftUpdateCheck = 1010;
				LastUpgradeCheck = 1010;
				ORGANIZATIONNAME = "Vadim Belotitskiy";
				TargetAttributes = {
					DDC16F7C224411FE0060596D = {
						CreatedOnToolsVersion = 10.1;
						TestTargetID = DDFF54DA22358A79005EB0D9;
					};
					DDFF54DA22358A79005EB0D9 = {
						CreatedOnToolsVersion = 10.1;
					};
				};
			};
			buildConfigurationList = DDFF54D622358A79005EB0D9 /* Build configuration list for PBXProject "Telegram Chart" */;
			compatibilityVersion = "Xcode 9.3";
			developmentRegion = en;
			hasScannedForEncodings = 0;
			knownRegions = (
				en,
				Base,
			);
			mainGroup = DDFF54D222358A79005EB0D9;
			productRefGroup = DDFF54DC22358A79005EB0D9 /* Products */;
			projectDirPath = "";
			projectRoot = "";
			targets = (
				DDFF54DA22358A79005EB0D9 /* Telegram Chart */,
				DDC16F7C224411FE0060596D /* ChartTests */,
			);
		};
/* End PBXProject section */

/* Begin PBXResourcesBuildPhase section */
		DDC16F7B224411FE0060596D /* Resources */ = {
			isa = PBXResourcesBuildPhase;
			buildActionMask = 2147483647;
			files = (
			);
			runOnlyForDeploymentPostprocessing = 0;
		};
		DDFF54D922358A79005EB0D9 /* Resources */ = {
			isa = PBXResourcesBuildPhase;
			buildActionMask = 2147483647;
			files = (
				DDFF54E922358A7A005EB0D9 /* LaunchScreen.storyboard in Resources */,
				DDFF54E622358A7A005EB0D9 /* Assets.xcassets in Resources */,
				DDFF54E422358A79005EB0D9 /* Main.storyboard in Resources */,
				DDC16F4322358CCA0060596D /* sample_data.json in Resources */,
			);
			runOnlyForDeploymentPostprocessing = 0;
		};
/* End PBXResourcesBuildPhase section */

/* Begin PBXSourcesBuildPhase section */
		DDC16F79224411FE0060596D /* Sources */ = {
			isa = PBXSourcesBuildPhase;
			buildActionMask = 2147483647;
			files = (
				DDC16F80224411FE0060596D /* ChartTests.swift in Sources */,
			);
			runOnlyForDeploymentPostprocessing = 0;
		};
		DDFF54D722358A79005EB0D9 /* Sources */ = {
			isa = PBXSourcesBuildPhase;
			buildActionMask = 2147483647;
			files = (
				DDC16F492236EC4B0060596D /* ChartListScreen.swift in Sources */,
				DDC16F4722358D670060596D /* ChartTO.swift in Sources */,
				DDFF54E122358A79005EB0D9 /* ViewController.swift in Sources */,
				DDFF54DF22358A79005EB0D9 /* AppDelegate.swift in Sources */,
				DDC16F4D223700BE0060596D /* Skin.swift in Sources */,
				6AC71680C695B78D82912F8E /* Chart.swift in Sources */,
				DDC16F4F2237070E0060596D /* Images.swift in Sources */,
				6AC717180E31FF41DA067C70 /* ChartJsonParser.swift in Sources */,
				6AC710D129DADD88ED4B4E25 /* ChartClient.swift in Sources */,
				6AC71EBD7BF2879ECC8DB908 /* ChartPanel.swift in Sources */,
				6AC71BE65323747013FCC0F1 /* TimeAxisPanel.swift in Sources */,
				6AC7150428B2635F24CD07F3 /* ValueAxisPanel.swift in Sources */,
				6AC71CF045E8F005A1810E71 /* MiniChartView.swift in Sources */,
				6AC71AA559A9EC62FB5ED1B0 /* ChartView.swift in Sources */,
				6AC71BACBB3F6D48EC7797A3 /* MiniChartTimeSelectorView.swift in Sources */,
				6AC714191C0737A814D1A877 /* ChartTimeSelectorView.swift in Sources */,
				6AC71C6A237C12C965FAD3DA /* CrosshairPanel.swift in Sources */,
				6AC713A923BFECA23488860A /* CrosshairView.swift in Sources */,
				6AC71C53EE28C489CF163604 /* ChartViewProtocol.swift in Sources */,
				6AC718326B8482D951EA9DF1 /* NightModeTableViewCell.swift in Sources */,
				6AC7197FE8F0D2A196ECA129 /* ChartTableViewCell.swift in Sources */,
				6AC71ECAE35E6F18EE7D5411 /* ChartDrawingData.swift in Sources */,
				6AC7166DAA209E433B4D861C /* ChartViewContainer.swift in Sources */,
				6AC713C9F6AFFE68F4AA6B0D /* ScreenHelper.swift in Sources */,
				6AC7145D7B7D27C40DBDE2F2 /* ChartTextFormatter.swift in Sources */,
			);
			runOnlyForDeploymentPostprocessing = 0;
		};
/* End PBXSourcesBuildPhase section */

/* Begin PBXTargetDependency section */
		DDC16F83224411FE0060596D /* PBXTargetDependency */ = {
			isa = PBXTargetDependency;
			target = DDFF54DA22358A79005EB0D9 /* Telegram Chart */;
			targetProxy = DDC16F82224411FE0060596D /* PBXContainerItemProxy */;
		};
/* End PBXTargetDependency section */

/* Begin PBXVariantGroup section */
		DDFF54E222358A79005EB0D9 /* Main.storyboard */ = {
			isa = PBXVariantGroup;
			children = (
				DDFF54E322358A79005EB0D9 /* Base */,
			);
			name = Main.storyboard;
			sourceTree = "<group>";
		};
		DDFF54E722358A7A005EB0D9 /* LaunchScreen.storyboard */ = {
			isa = PBXVariantGroup;
			children = (
				DDFF54E822358A7A005EB0D9 /* Base */,
			);
			name = LaunchScreen.storyboard;
			sourceTree = "<group>";
		};
/* End PBXVariantGroup section */

/* Begin XCBuildConfiguration section */
		DDC16F85224411FE0060596D /* Debug */ = {
			isa = XCBuildConfiguration;
			buildSettings = {
				BUNDLE_LOADER = "$(TEST_HOST)";
				CODE_SIGN_STYLE = Automatic;
				DEVELOPMENT_TEAM = 3B8UHXK7BH;
				INFOPLIST_FILE = ChartTests/Info.plist;
				LD_RUNPATH_SEARCH_PATHS = (
					"$(inherited)",
					"@executable_path/Frameworks",
					"@loader_path/Frameworks",
				);
				PRODUCT_BUNDLE_IDENTIFIER = com.belotitskiy.ChartTests;
				PRODUCT_NAME = "$(TARGET_NAME)";
				SWIFT_VERSION = 4.2;
				TARGETED_DEVICE_FAMILY = "1,2";
				TEST_HOST = "$(BUILT_PRODUCTS_DIR)/Telegram Chart.app/Telegram Chart";
			};
			name = Debug;
		};
		DDC16F86224411FE0060596D /* Release */ = {
			isa = XCBuildConfiguration;
			buildSettings = {
				BUNDLE_LOADER = "$(TEST_HOST)";
				CODE_SIGN_STYLE = Automatic;
				DEVELOPMENT_TEAM = 3B8UHXK7BH;
				INFOPLIST_FILE = ChartTests/Info.plist;
				LD_RUNPATH_SEARCH_PATHS = (
					"$(inherited)",
					"@executable_path/Frameworks",
					"@loader_path/Frameworks",
				);
				PRODUCT_BUNDLE_IDENTIFIER = com.belotitskiy.ChartTests;
				PRODUCT_NAME = "$(TARGET_NAME)";
				SWIFT_VERSION = 4.2;
				TARGETED_DEVICE_FAMILY = "1,2";
				TEST_HOST = "$(BUILT_PRODUCTS_DIR)/Telegram Chart.app/Telegram Chart";
			};
			name = Release;
		};
		DDFF54EB22358A7A005EB0D9 /* Debug */ = {
			isa = XCBuildConfiguration;
			buildSettings = {
				ALWAYS_SEARCH_USER_PATHS = NO;
				CLANG_ANALYZER_NONNULL = YES;
				CLANG_ANALYZER_NUMBER_OBJECT_CONVERSION = YES_AGGRESSIVE;
				CLANG_CXX_LANGUAGE_STANDARD = "gnu++14";
				CLANG_CXX_LIBRARY = "libc++";
				CLANG_ENABLE_MODULES = YES;
				CLANG_ENABLE_OBJC_ARC = YES;
				CLANG_ENABLE_OBJC_WEAK = YES;
				CLANG_WARN_BLOCK_CAPTURE_AUTORELEASING = YES;
				CLANG_WARN_BOOL_CONVERSION = YES;
				CLANG_WARN_COMMA = YES;
				CLANG_WARN_CONSTANT_CONVERSION = YES;
				CLANG_WARN_DEPRECATED_OBJC_IMPLEMENTATIONS = YES;
				CLANG_WARN_DIRECT_OBJC_ISA_USAGE = YES_ERROR;
				CLANG_WARN_DOCUMENTATION_COMMENTS = YES;
				CLANG_WARN_EMPTY_BODY = YES;
				CLANG_WARN_ENUM_CONVERSION = YES;
				CLANG_WARN_INFINITE_RECURSION = YES;
				CLANG_WARN_INT_CONVERSION = YES;
				CLANG_WARN_NON_LITERAL_NULL_CONVERSION = YES;
				CLANG_WARN_OBJC_IMPLICIT_RETAIN_SELF = YES;
				CLANG_WARN_OBJC_LITERAL_CONVERSION = YES;
				CLANG_WARN_OBJC_ROOT_CLASS = YES_ERROR;
				CLANG_WARN_RANGE_LOOP_ANALYSIS = YES;
				CLANG_WARN_STRICT_PROTOTYPES = YES;
				CLANG_WARN_SUSPICIOUS_MOVE = YES;
				CLANG_WARN_UNGUARDED_AVAILABILITY = YES_AGGRESSIVE;
				CLANG_WARN_UNREACHABLE_CODE = YES;
				CLANG_WARN__DUPLICATE_METHOD_MATCH = YES;
				CODE_SIGN_IDENTITY = "iPhone Developer";
				COPY_PHASE_STRIP = NO;
				DEBUG_INFORMATION_FORMAT = dwarf;
				ENABLE_STRICT_OBJC_MSGSEND = YES;
				ENABLE_TESTABILITY = YES;
				GCC_C_LANGUAGE_STANDARD = gnu11;
				GCC_DYNAMIC_NO_PIC = NO;
				GCC_NO_COMMON_BLOCKS = YES;
				GCC_OPTIMIZATION_LEVEL = 0;
				GCC_PREPROCESSOR_DEFINITIONS = (
					"DEBUG=1",
					"$(inherited)",
				);
				GCC_WARN_64_TO_32_BIT_CONVERSION = YES;
				GCC_WARN_ABOUT_RETURN_TYPE = YES_ERROR;
				GCC_WARN_UNDECLARED_SELECTOR = YES;
				GCC_WARN_UNINITIALIZED_AUTOS = YES_AGGRESSIVE;
				GCC_WARN_UNUSED_FUNCTION = YES;
				GCC_WARN_UNUSED_VARIABLE = YES;
				IPHONEOS_DEPLOYMENT_TARGET = 12.1;
				MTL_ENABLE_DEBUG_INFO = INCLUDE_SOURCE;
				MTL_FAST_MATH = YES;
				ONLY_ACTIVE_ARCH = YES;
				SDKROOT = iphoneos;
				SWIFT_ACTIVE_COMPILATION_CONDITIONS = DEBUG;
				SWIFT_OPTIMIZATION_LEVEL = "-Onone";
			};
			name = Debug;
		};
		DDFF54EC22358A7A005EB0D9 /* Release */ = {
			isa = XCBuildConfiguration;
			buildSettings = {
				ALWAYS_SEARCH_USER_PATHS = NO;
				CLANG_ANALYZER_NONNULL = YES;
				CLANG_ANALYZER_NUMBER_OBJECT_CONVERSION = YES_AGGRESSIVE;
				CLANG_CXX_LANGUAGE_STANDARD = "gnu++14";
				CLANG_CXX_LIBRARY = "libc++";
				CLANG_ENABLE_MODULES = YES;
				CLANG_ENABLE_OBJC_ARC = YES;
				CLANG_ENABLE_OBJC_WEAK = YES;
				CLANG_WARN_BLOCK_CAPTURE_AUTORELEASING = YES;
				CLANG_WARN_BOOL_CONVERSION = YES;
				CLANG_WARN_COMMA = YES;
				CLANG_WARN_CONSTANT_CONVERSION = YES;
				CLANG_WARN_DEPRECATED_OBJC_IMPLEMENTATIONS = YES;
				CLANG_WARN_DIRECT_OBJC_ISA_USAGE = YES_ERROR;
				CLANG_WARN_DOCUMENTATION_COMMENTS = YES;
				CLANG_WARN_EMPTY_BODY = YES;
				CLANG_WARN_ENUM_CONVERSION = YES;
				CLANG_WARN_INFINITE_RECURSION = YES;
				CLANG_WARN_INT_CONVERSION = YES;
				CLANG_WARN_NON_LITERAL_NULL_CONVERSION = YES;
				CLANG_WARN_OBJC_IMPLICIT_RETAIN_SELF = YES;
				CLANG_WARN_OBJC_LITERAL_CONVERSION = YES;
				CLANG_WARN_OBJC_ROOT_CLASS = YES_ERROR;
				CLANG_WARN_RANGE_LOOP_ANALYSIS = YES;
				CLANG_WARN_STRICT_PROTOTYPES = YES;
				CLANG_WARN_SUSPICIOUS_MOVE = YES;
				CLANG_WARN_UNGUARDED_AVAILABILITY = YES_AGGRESSIVE;
				CLANG_WARN_UNREACHABLE_CODE = YES;
				CLANG_WARN__DUPLICATE_METHOD_MATCH = YES;
				CODE_SIGN_IDENTITY = "iPhone Developer";
				COPY_PHASE_STRIP = NO;
				DEBUG_INFORMATION_FORMAT = "dwarf-with-dsym";
				ENABLE_NS_ASSERTIONS = NO;
				ENABLE_STRICT_OBJC_MSGSEND = YES;
				GCC_C_LANGUAGE_STANDARD = gnu11;
				GCC_NO_COMMON_BLOCKS = YES;
				GCC_WARN_64_TO_32_BIT_CONVERSION = YES;
				GCC_WARN_ABOUT_RETURN_TYPE = YES_ERROR;
				GCC_WARN_UNDECLARED_SELECTOR = YES;
				GCC_WARN_UNINITIALIZED_AUTOS = YES_AGGRESSIVE;
				GCC_WARN_UNUSED_FUNCTION = YES;
				GCC_WARN_UNUSED_VARIABLE = YES;
				IPHONEOS_DEPLOYMENT_TARGET = 12.1;
				MTL_ENABLE_DEBUG_INFO = NO;
				MTL_FAST_MATH = YES;
				SDKROOT = iphoneos;
				SWIFT_COMPILATION_MODE = wholemodule;
				SWIFT_OPTIMIZATION_LEVEL = "-O";
				VALIDATE_PRODUCT = YES;
			};
			name = Release;
		};
		DDFF54EE22358A7A005EB0D9 /* Debug */ = {
			isa = XCBuildConfiguration;
			buildSettings = {
				ASSETCATALOG_COMPILER_APPICON_NAME = AppIcon;
				CODE_SIGN_STYLE = Automatic;
				DEVELOPMENT_TEAM = 3B8UHXK7BH;
				INFOPLIST_FILE = "Telegram Chart/Info.plist";
				IPHONEOS_DEPLOYMENT_TARGET = 10.0;
				LD_RUNPATH_SEARCH_PATHS = (
					"$(inherited)",
					"@executable_path/Frameworks",
				);
				PRODUCT_BUNDLE_IDENTIFIER = "com.belotitskiy.Telegram-Chart";
				PRODUCT_NAME = "$(TARGET_NAME)";
				SWIFT_VERSION = 4.2;
				TARGETED_DEVICE_FAMILY = "1,2";
			};
			name = Debug;
		};
		DDFF54EF22358A7A005EB0D9 /* Release */ = {
			isa = XCBuildConfiguration;
			buildSettings = {
				ASSETCATALOG_COMPILER_APPICON_NAME = AppIcon;
				CODE_SIGN_STYLE = Automatic;
				DEVELOPMENT_TEAM = 3B8UHXK7BH;
				INFOPLIST_FILE = "Telegram Chart/Info.plist";
				IPHONEOS_DEPLOYMENT_TARGET = 10.0;
				LD_RUNPATH_SEARCH_PATHS = (
					"$(inherited)",
					"@executable_path/Frameworks",
				);
				PRODUCT_BUNDLE_IDENTIFIER = "com.belotitskiy.Telegram-Chart";
				PRODUCT_NAME = "$(TARGET_NAME)";
				SWIFT_VERSION = 4.2;
				TARGETED_DEVICE_FAMILY = "1,2";
			};
			name = Release;
		};
/* End XCBuildConfiguration section */

/* Begin XCConfigurationList section */
		DDC16F84224411FE0060596D /* Build configuration list for PBXNativeTarget "ChartTests" */ = {
			isa = XCConfigurationList;
			buildConfigurations = (
				DDC16F85224411FE0060596D /* Debug */,
				DDC16F86224411FE0060596D /* Release */,
			);
			defaultConfigurationIsVisible = 0;
			defaultConfigurationName = Release;
		};
		DDFF54D622358A79005EB0D9 /* Build configuration list for PBXProject "Telegram Chart" */ = {
			isa = XCConfigurationList;
			buildConfigurations = (
				DDFF54EB22358A7A005EB0D9 /* Debug */,
				DDFF54EC22358A7A005EB0D9 /* Release */,
			);
			defaultConfigurationIsVisible = 0;
			defaultConfigurationName = Release;
		};
		DDFF54ED22358A7A005EB0D9 /* Build configuration list for PBXNativeTarget "Telegram Chart" */ = {
			isa = XCConfigurationList;
			buildConfigurations = (
				DDFF54EE22358A7A005EB0D9 /* Debug */,
				DDFF54EF22358A7A005EB0D9 /* Release */,
			);
			defaultConfigurationIsVisible = 0;
			defaultConfigurationName = Release;
		};
/* End XCConfigurationList section */
	};
	rootObject = DDFF54D322358A79005EB0D9 /* Project object */;
}
